version = 1
revision = 3
requires-python = ">=3.12"

[[package]]
name = "fiosra"
version = "0.1.0"
source = { virtual = "." }
dependencies = [
    { name = "pypdf" },
    { name = "python-multipart" },
]

[package.metadata]
requires-dist = [
    { name = "pypdf", specifier = ">=6.18.0" },
    { name = "python-multipart", specifier = ">=0.0.32" },
]

[[package]]
name = "pypdf"
version = "6.18.0"
source = { registry = "https://pypi.org/simple" }
sdist = { url = "https://files.pythonhosted.org/packages/c2/c3/9fa0666f280552bd3833562d985b785fce1ddb3804937edd2fd6a3f2bdb3/pypdf-6.18.0.tar.gz", hash = "sha256:ae58b7d93c22c169ffb02c3b06321c45c4f223b4916536568adb57d789d95d01", size = 7024871, upload-time = "2026-09-07T16:48:16.444Z" }
wheels = [
    { url = "https://files.pythonhosted.org/packages/c7/a5/d5922a078c9a612327681d4793404f82998f4d66213add6fdc0659245856/pypdf-6.18.0-py3-none-any.whl", hash = "sha256:05b762b77bcb9dcb4a7c91fcf5dded585b25bee7269ab3d3001d7c55fa1b324b", size = 393848, upload-time = "2026-09-07T16:48:14.254Z" },
]

[[package]]
name = "python-multipart"
version = "0.0.32"
source = { registry = "https://pypi.org/simple" }
sdist = { url = "https://files.pythonhosted.org/packages/5b/42/55c32bb9b12693c092ad250a0e82edb5b31ddeda6eb772de5f308b3804ad/python_multipart-0.0.32.tar.gz", hash = "sha256:be54b7f3fa167bb83e4fcd936b887b708f4e57fe75911c02aebf53efaf8d938e", size = 46881, upload-time = "2026-06-04T16:18:58.647Z" }
wheels = [
    { url = "https://files.pythonhosted.org/packages/e1/04/e8135ebd1ad02c56ec633277529b2602ff99ff634be76cdba5744cf554fd/python_multipart-0.0.32-py3-none-any.whl", hash = "sha256:ff6d3f776f16878c894e52e107296ffc890e913c611b1a4ec6c44e2821fe2e23", size = 30042, upload-time = "2026-06-04T16:18:57.319Z" },
]
